
Microsoft Visual Studio Solution File, Format Version 12.00
# Visual Studio Version 17
VisualStudioVersion = 17.11.35327.3
MinimumVisualStudioVersion = 10.0.40219.1
Project("{FAE04EC0-301F-11D3-BF4B-00C04F79EFBC}") = "Lap7.2", "Lap7.2\Lap7.2.csproj", "{FCCF2E3D-14B9-4D7F-8B5A-982E515D2ED9}"
EndProject
Global
	GlobalSection(SolutionConfigurationPlatforms) = preSolution
		Debug|Any CPU = Debug|Any CPU
		Release|Any CPU = Release|Any CPU
	EndGlobalSection
	GlobalSection(ProjectConfigurationPlatforms) = postSolution
		{FCCF2E3D-14B9-4D7F-8B5A-982E515D2ED9}.Debug|Any CPU.ActiveCfg = Debug|Any CPU
		{FCCF2E3D-14B9-4D7F-8B5A-982E515D2ED9}.Debug|Any CPU.Build.0 = Debug|Any CPU
		{FCCF2E3D-14B9-4D7F-8B5A-982E515D2ED9}.Release|Any CPU.ActiveCfg = Release|Any CPU
		{FCCF2E3D-14B9-4D7F-8B5A-982E515D2ED9}.Release|Any CPU.Build.0 = Release|Any CPU
	EndGlobalSection
	GlobalSection(SolutionProperties) = preSolution
		HideSolutionNode = FALSE
	EndGlobalSection
	GlobalSection(ExtensibilityGlobals) = postSolution
		SolutionGuid = {C29F44CD-2BE5-4BD7-9F42-616751A8229E}
	EndGlobalSection
EndGlobal
