
Microsoft Visual Studio Solution File, Format Version 12.00
# Visual Studio Version 17
VisualStudioVersion = 17.11.35327.3
MinimumVisualStudioVersion = 10.0.40219.1
Project("{FAE04EC0-301F-11D3-BF4B-00C04F79EFBC}") = "Lap7.3", "Lap7.3\Lap7.3.csproj", "{DEFEDCCE-5BA4-44DA-94DF-3B30766A6EBB}"
EndProject
Global
	GlobalSection(SolutionConfigurationPlatforms) = preSolution
		Debug|Any CPU = Debug|Any CPU
		Release|Any CPU = Release|Any CPU
	EndGlobalSection
	GlobalSection(ProjectConfigurationPlatforms) = postSolution
		{DEFEDCCE-5BA4-44DA-94DF-3B30766A6EBB}.Debug|Any CPU.ActiveCfg = Debug|Any CPU
		{DEFEDCCE-5BA4-44DA-94DF-3B30766A6EBB}.Debug|Any CPU.Build.0 = Debug|Any CPU
		{DEFEDCCE-5BA4-44DA-94DF-3B30766A6EBB}.Release|Any CPU.ActiveCfg = Release|Any CPU
		{DEFEDCCE-5BA4-44DA-94DF-3B30766A6EBB}.Release|Any CPU.Build.0 = Release|Any CPU
	EndGlobalSection
	GlobalSection(SolutionProperties) = preSolution
		HideSolutionNode = FALSE
	EndGlobalSection
	GlobalSection(ExtensibilityGlobals) = postSolution
		SolutionGuid = {6317F1F9-23E1-4917-B9D5-539C16AB75CA}
	EndGlobalSection
EndGlobal
