
Microsoft Visual Studio Solution File, Format Version 12.00
# Visual Studio Version 17
VisualStudioVersion = 17.11.35327.3
MinimumVisualStudioVersion = 10.0.40219.1
Project("{FAE04EC0-301F-11D3-BF4B-00C04F79EFBC}") = "Lesson08", "Lesson08\Lesson08.csproj", "{2EE064DD-1180-4A58-A626-DF4FBF1E6B58}"
EndProject
Global
	GlobalSection(SolutionConfigurationPlatforms) = preSolution
		Debug|Any CPU = Debug|Any CPU
		Release|Any CPU = Release|Any CPU
	EndGlobalSection
	GlobalSection(ProjectConfigurationPlatforms) = postSolution
		{2EE064DD-1180-4A58-A626-DF4FBF1E6B58}.Debug|Any CPU.ActiveCfg = Debug|Any CPU
		{2EE064DD-1180-4A58-A626-DF4FBF1E6B58}.Debug|Any CPU.Build.0 = Debug|Any CPU
		{2EE064DD-1180-4A58-A626-DF4FBF1E6B58}.Release|Any CPU.ActiveCfg = Release|Any CPU
		{2EE064DD-1180-4A58-A626-DF4FBF1E6B58}.Release|Any CPU.Build.0 = Release|Any CPU
	EndGlobalSection
	GlobalSection(SolutionProperties) = preSolution
		HideSolutionNode = FALSE
	EndGlobalSection
	GlobalSection(ExtensibilityGlobals) = postSolution
		SolutionGuid = {9ECF3092-BE2F-4A55-9342-1C8E34012D7D}
	EndGlobalSection
EndGlobal
