
Microsoft Visual Studio Solution File, Format Version 12.00
# Visual Studio Version 17
VisualStudioVersion = 17.11.35327.3
MinimumVisualStudioVersion = 10.0.40219.1
Project("{FAE04EC0-301F-11D3-BF4B-00C04F79EFBC}") = "Lap7.4", "Lap7.4\Lap7.4.csproj", "{F1FE66C0-72C5-4CCA-A5EF-771293BF6D89}"
EndProject
Global
	GlobalSection(SolutionConfigurationPlatforms) = preSolution
		Debug|Any CPU = Debug|Any CPU
		Release|Any CPU = Release|Any CPU
	EndGlobalSection
	GlobalSection(ProjectConfigurationPlatforms) = postSolution
		{F1FE66C0-72C5-4CCA-A5EF-771293BF6D89}.Debug|Any CPU.ActiveCfg = Debug|Any CPU
		{F1FE66C0-72C5-4CCA-A5EF-771293BF6D89}.Debug|Any CPU.Build.0 = Debug|Any CPU
		{F1FE66C0-72C5-4CCA-A5EF-771293BF6D89}.Release|Any CPU.ActiveCfg = Release|Any CPU
		{F1FE66C0-72C5-4CCA-A5EF-771293BF6D89}.Release|Any CPU.Build.0 = Release|Any CPU
	EndGlobalSection
	GlobalSection(SolutionProperties) = preSolution
		HideSolutionNode = FALSE
	EndGlobalSection
	GlobalSection(ExtensibilityGlobals) = postSolution
		SolutionGuid = {4170DB60-9B22-4A1C-9D18-1DBC0ED16861}
	EndGlobalSection
EndGlobal
