
Microsoft Visual Studio Solution File, Format Version 12.00
# Visual Studio Version 17
VisualStudioVersion = 17.11.35327.3
MinimumVisualStudioVersion = 10.0.40219.1
Project("{FAE04EC0-301F-11D3-BF4B-00C04F79EFBC}") = "Lap8.2", "Lap8.2\Lap8.2.csproj", "{27A974ED-5AFB-4462-98CF-BBD525605AAA}"
EndProject
Global
	GlobalSection(SolutionConfigurationPlatforms) = preSolution
		Debug|Any CPU = Debug|Any CPU
		Release|Any CPU = Release|Any CPU
	EndGlobalSection
	GlobalSection(ProjectConfigurationPlatforms) = postSolution
		{27A974ED-5AFB-4462-98CF-BBD525605AAA}.Debug|Any CPU.ActiveCfg = Debug|Any CPU
		{27A974ED-5AFB-4462-98CF-BBD525605AAA}.Debug|Any CPU.Build.0 = Debug|Any CPU
		{27A974ED-5AFB-4462-98CF-BBD525605AAA}.Release|Any CPU.ActiveCfg = Release|Any CPU
		{27A974ED-5AFB-4462-98CF-BBD525605AAA}.Release|Any CPU.Build.0 = Release|Any CPU
	EndGlobalSection
	GlobalSection(SolutionProperties) = preSolution
		HideSolutionNode = FALSE
	EndGlobalSection
	GlobalSection(ExtensibilityGlobals) = postSolution
		SolutionGuid = {920D5AF1-2C15-4933-BCB9-424EA2B373A6}
	EndGlobalSection
EndGlobal
