
Microsoft Visual Studio Solution File, Format Version 12.00
# Visual Studio Version 17
VisualStudioVersion = 17.11.35327.3
MinimumVisualStudioVersion = 10.0.40219.1
Project("{FAE04EC0-301F-11D3-BF4B-00C04F79EFBC}") = "StepToStep_1", "StepToStep_1\StepToStep_1.csproj", "{0562E512-4727-4EEE-86E7-55B1D26C9181}"
EndProject
Global
	GlobalSection(SolutionConfigurationPlatforms) = preSolution
		Debug|Any CPU = Debug|Any CPU
		Release|Any CPU = Release|Any CPU
	EndGlobalSection
	GlobalSection(ProjectConfigurationPlatforms) = postSolution
		{0562E512-4727-4EEE-86E7-55B1D26C9181}.Debug|Any CPU.ActiveCfg = Debug|Any CPU
		{0562E512-4727-4EEE-86E7-55B1D26C9181}.Debug|Any CPU.Build.0 = Debug|Any CPU
		{0562E512-4727-4EEE-86E7-55B1D26C9181}.Release|Any CPU.ActiveCfg = Release|Any CPU
		{0562E512-4727-4EEE-86E7-55B1D26C9181}.Release|Any CPU.Build.0 = Release|Any CPU
	EndGlobalSection
	GlobalSection(SolutionProperties) = preSolution
		HideSolutionNode = FALSE
	EndGlobalSection
	GlobalSection(ExtensibilityGlobals) = postSolution
		SolutionGuid = {8B665481-0A0D-48DE-8F21-1E58DBCB935B}
	EndGlobalSection
EndGlobal
